
Microsoft Visual Studio Solution File, Format Version 12.00
# Visual Studio Version 16
VisualStudioVersion = 16.0.29806.167
MinimumVisualStudioVersion = 10.0.40219.1
Project("{9A19103F-16F7-4668-BE54-9A1E7A4F7556}") = "eShopSolution.WebApp", "eShopSolution.WebApp\eShopSolution.WebApp.csproj", "{27578E68-5978-4365-AC9E-1C5C06DE5569}"
EndProject
Project("{2150E333-8FDC-42A3-9474-1A3956D46DE8}") = "Solution Items", "Solution Items", "{04E63DDF-5B14-4A9A-8F7F-4FAD709FB3F6}"
	ProjectSection(SolutionItems) = preProject
		README.md = README.md
	EndProjectSection
EndProject
Project("{FAE04EC0-301F-11D3-BF4B-00C04F79EFBC}") = "eShopSolution.Data", "eShopSolution.Data\eShopSolution.Data.csproj", "{B7BA0051-1094-4D06-9ED4-C51DC93A45CF}"
EndProject
Project("{FAE04EC0-301F-11D3-BF4B-00C04F79EFBC}") = "eShopSolution.Application", "eShopSolution.Application\eShopSolution.Application.csproj", "{6FD0DCE4-D357-4789-A7E4-75284D35D143}"
EndProject
Global
	GlobalSection(SolutionConfigurationPlatforms) = preSolution
		Debug|Any CPU = Debug|Any CPU
		Release|Any CPU = Release|Any CPU
	EndGlobalSection
	GlobalSection(ProjectConfigurationPlatforms) = postSolution
		{27578E68-5978-4365-AC9E-1C5C06DE5569}.Debug|Any CPU.ActiveCfg = Debug|Any CPU
		{27578E68-5978-4365-AC9E-1C5C06DE5569}.Debug|Any CPU.Build.0 = Debug|Any CPU
		{27578E68-5978-4365-AC9E-1C5C06DE5569}.Release|Any CPU.ActiveCfg = Release|Any CPU
		{27578E68-5978-4365-AC9E-1C5C06DE5569}.Release|Any CPU.Build.0 = Release|Any CPU
		{B7BA0051-1094-4D06-9ED4-C51DC93A45CF}.Debug|Any CPU.ActiveCfg = Debug|Any CPU
		{B7BA0051-1094-4D06-9ED4-C51DC93A45CF}.Debug|Any CPU.Build.0 = Debug|Any CPU
		{B7BA0051-1094-4D06-9ED4-C51DC93A45CF}.Release|Any CPU.ActiveCfg = Release|Any CPU
		{B7BA0051-1094-4D06-9ED4-C51DC93A45CF}.Release|Any CPU.Build.0 = Release|Any CPU
		{6FD0DCE4-D357-4789-A7E4-75284D35D143}.Debug|Any CPU.ActiveCfg = Debug|Any CPU
		{6FD0DCE4-D357-4789-A7E4-75284D35D143}.Debug|Any CPU.Build.0 = Debug|Any CPU
		{6FD0DCE4-D357-4789-A7E4-75284D35D143}.Release|Any CPU.ActiveCfg = Release|Any CPU
		{6FD0DCE4-D357-4789-A7E4-75284D35D143}.Release|Any CPU.Build.0 = Release|Any CPU
	EndGlobalSection
	GlobalSection(SolutionProperties) = preSolution
		HideSolutionNode = FALSE
	EndGlobalSection
	GlobalSection(ExtensibilityGlobals) = postSolution
		SolutionGuid = {2C4A7DF9-015B-4605-A770-C2D5A6DBF44C}
	EndGlobalSection
EndGlobal
